
Microsoft Visual Studio Solution File, Format Version 12.00
# Visual Studio 2012
Project("{8BC9CEB8-8B4A-11D0-8D11-00A0C91BC942}") = "libspring", "libspring\libspring.vcxproj", "{26A04DFE-C034-4BBA-92D3-AC163A917D26}"
EndProject
Global
	GlobalSection(SolutionConfigurationPlatforms) = preSolution
		Debug|Win32 = Debug|Win32
		Release|Win32 = Release|Win32
	EndGlobalSection
	GlobalSection(ProjectConfigurationPlatforms) = postSolution
		{26A04DFE-C034-4BBA-92D3-AC163A917D26}.Debug|Win32.ActiveCfg = Debug|Win32
		{26A04DFE-C034-4BBA-92D3-AC163A917D26}.Debug|Win32.Build.0 = Debug|Win32
		{26A04DFE-C034-4BBA-92D3-AC163A917D26}.Release|Win32.ActiveCfg = Release|Win32
		{26A04DFE-C034-4BBA-92D3-AC163A917D26}.Release|Win32.Build.0 = Release|Win32
	EndGlobalSection
	GlobalSection(SolutionProperties) = preSolution
		HideSolutionNode = FALSE
	EndGlobalSection
EndGlobal
